
Microsoft Visual Studio Solution File, Format Version 12.00
# Visual Studio Version 16
VisualStudioVersion = 16.0.29326.143
MinimumVisualStudioVersion = 10.0.40219.1
Project("{9A19103F-16F7-4668-BE54-9A1E7A4F7556}") = "SimpleEndpoint.Example", "SimpleEndpoint.Example\SimpleEndpoint.Example.csproj", "{F8121641-4AD6-45E4-957C-73824EEEBB08}"
EndProject
Project("{9A19103F-16F7-4668-BE54-9A1E7A4F7556}") = "SimpleEndpoint", "SimpleEndPoint\SimpleEndpoint.csproj", "{06D8DE86-AC08-452C-882D-6F57CFF4835E}"
EndProject
Global
	GlobalSection(SolutionConfigurationPlatforms) = preSolution
		Debug|Any CPU = Debug|Any CPU
		Release|Any CPU = Release|Any CPU
	EndGlobalSection
	GlobalSection(ProjectConfigurationPlatforms) = postSolution
		{F8121641-4AD6-45E4-957C-73824EEEBB08}.Debug|Any CPU.ActiveCfg = Debug|Any CPU
		{F8121641-4AD6-45E4-957C-73824EEEBB08}.Debug|Any CPU.Build.0 = Debug|Any CPU
		{F8121641-4AD6-45E4-957C-73824EEEBB08}.Release|Any CPU.ActiveCfg = Release|Any CPU
		{F8121641-4AD6-45E4-957C-73824EEEBB08}.Release|Any CPU.Build.0 = Release|Any CPU
		{06D8DE86-AC08-452C-882D-6F57CFF4835E}.Debug|Any CPU.ActiveCfg = Debug|Any CPU
		{06D8DE86-AC08-452C-882D-6F57CFF4835E}.Debug|Any CPU.Build.0 = Debug|Any CPU
		{06D8DE86-AC08-452C-882D-6F57CFF4835E}.Release|Any CPU.ActiveCfg = Release|Any CPU
		{06D8DE86-AC08-452C-882D-6F57CFF4835E}.Release|Any CPU.Build.0 = Release|Any CPU
	EndGlobalSection
	GlobalSection(SolutionProperties) = preSolution
		HideSolutionNode = FALSE
	EndGlobalSection
	GlobalSection(ExtensibilityGlobals) = postSolution
		SolutionGuid = {931BC16E-291D-4ED1-9FA3-ED9D0BDFEF1C}
	EndGlobalSection
EndGlobal
